
Microsoft Visual Studio Solution File, Format Version 12.00
# Visual Studio Version 16
VisualStudioVersion = 16.0.31025.194
MinimumVisualStudioVersion = 10.0.40219.1
Project("{FAE04EC0-301F-11D3-BF4B-00C04F79EFBC}") = "PixNet", "PixNet\PixNet.csproj", "{15807C64-661B-4C26-8862-78D5E262E5D3}"
EndProject
Global
	GlobalSection(SolutionConfigurationPlatforms) = preSolution
		Debug|Any CPU = Debug|Any CPU
		Release|Any CPU = Release|Any CPU
	EndGlobalSection
	GlobalSection(ProjectConfigurationPlatforms) = postSolution
		{15807C64-661B-4C26-8862-78D5E262E5D3}.Debug|Any CPU.ActiveCfg = Debug|Any CPU
		{15807C64-661B-4C26-8862-78D5E262E5D3}.Debug|Any CPU.Build.0 = Debug|Any CPU
		{15807C64-661B-4C26-8862-78D5E262E5D3}.Release|Any CPU.ActiveCfg = Release|Any CPU
		{15807C64-661B-4C26-8862-78D5E262E5D3}.Release|Any CPU.Build.0 = Release|Any CPU
	EndGlobalSection
	GlobalSection(SolutionProperties) = preSolution
		HideSolutionNode = FALSE
	EndGlobalSection
	GlobalSection(ExtensibilityGlobals) = postSolution
		SolutionGuid = {BA1CE7A5-040C-43C2-86AB-D2803EF681BE}
	EndGlobalSection
EndGlobal
